{
  "markbot": "8a1c44acade586c8b08fba5e7b4ea913d60ae36599d0faf8a429488df631dfca",
  "markbotignore": "030a4e6e1b3b6b510514a7ae54576e2c2ef762d56236c6414ef634955d96a126",
  "index-before-320.png": "349c55d40af5b046aa43c807769220e5e8248a353d66da0c9b220b677cc1152e",
  "index-after-320.png": "ba2942dba940884c646f7321a2d94490b80b77c54dd7ebd9312daed843d94b5d"
}